{
  "nodes": {
    "nix-darwin": {
      "inputs": {
        "nixpkgs": [
          "nixpkgs"
        ]
      },
      "locked": {
        "lastModified": 1733047432,
        "narHash": "sha256-fQUKxgxAEHlL5bevRkdsQB7sSpAMhlvxf7Zw0KK8QIg=",
        "owner": "LnL7",
        "repo": "nix-darwin",
        "rev": "e30a3622b606dffc622305b4bbe1cfe37e78fa40",
        "type": "github"
      },
      "original": {
        "owner": "LnL7",
        "repo": "nix-darwin",
        "type": "github"
      }
    },
    "nixpkgs": {
      "locked": {
        "lastModified": 1733024928,
        "narHash": "sha256-n/DOfpKH1vkukuBnach91QBQId2dr5tkE7/7UrkV2zw=",
        "owner": "NixOS",
        "repo": "nixpkgs",
        "rev": "2c27ab2e60502d1ebb7cf38909de38663f762a79",
        "type": "github"
      },
      "original": {
        "owner": "NixOS",
        "ref": "nixpkgs-unstable",
        "repo": "nixpkgs",
        "type": "github"
      }
    },
    "root": {
      "inputs": {
        "nix-darwin": "nix-darwin",
        "nixpkgs": "nixpkgs"
      }
    }
  },
  "root": "root",
  "version": 7
}
